%{"dialyxir": {:hex, :dialyxir, "0.5.1", "b331b091720fd93e878137add264bac4f644e1ddae07a70bf7062c7862c4b952", [:mix], []},
  "earmark": {:hex, :earmark, "1.2.3", "206eb2e2ac1a794aa5256f3982de7a76bf4579ff91cb28d0e17ea2c9491e46a4", [:mix], []},
  "egd": {:git, "https://github.com/erlang/egd.git", "1cea959544de7dd40a3284ba571a58939de57616", []},
  "ex_doc": {:hex, :ex_doc, "0.16.2", "3b3e210ebcd85a7c76b4e73f85c5640c011d2a0b2f06dcdf5acdb2ae904e5084", [:mix], [{:earmark, "~> 1.1", [hex: :earmark, optional: false]}]},
  "ex_image_info": {:hex, :ex_image_info, "0.2.0", "240360b1392a50ec87de64d746ec45aae64ac3bb1611a292b4bdd45343d491a5", [:mix], []},
  "exmagick": {:hex, :exmagick, "0.0.5", "4c8fa65ef1af38fad937672d9dce2f56525bfbc9ead58d52aebb79ba290b6466", [:mix], []}}
